
Microsoft Visual Studio Solution File, Format Version 12.00
# Visual Studio Version 16
VisualStudioVersion = 16.0.32929.386
MinimumVisualStudioVersion = 10.0.40219.1
Project("{FAE04EC0-301F-11D3-BF4B-00C04F79EFBC}") = "PictureVieverPotaenko", "PictureVieverPotaenko.csproj", "{A9EBD42D-A451-41B6-BAC3-1C0B5E964B9B}"
EndProject
Global
	GlobalSection(SolutionConfigurationPlatforms) = preSolution
		Debug|Any CPU = Debug|Any CPU
		Release|Any CPU = Release|Any CPU
	EndGlobalSection
	GlobalSection(ProjectConfigurationPlatforms) = postSolution
		{A9EBD42D-A451-41B6-BAC3-1C0B5E964B9B}.Debug|Any CPU.ActiveCfg = Debug|Any CPU
		{A9EBD42D-A451-41B6-BAC3-1C0B5E964B9B}.Debug|Any CPU.Build.0 = Debug|Any CPU
		{A9EBD42D-A451-41B6-BAC3-1C0B5E964B9B}.Release|Any CPU.ActiveCfg = Release|Any CPU
		{A9EBD42D-A451-41B6-BAC3-1C0B5E964B9B}.Release|Any CPU.Build.0 = Release|Any CPU
	EndGlobalSection
	GlobalSection(SolutionProperties) = preSolution
		HideSolutionNode = FALSE
	EndGlobalSection
	GlobalSection(ExtensibilityGlobals) = postSolution
		SolutionGuid = {C93FF56C-E175-4B39-802A-0F16E4197601}
	EndGlobalSection
EndGlobal
